{
  "name": "jstest-on-neo3-cpp-core",
  "requires": true,
  "lockfileVersion": 1,
  "dependencies": {
    "crypto-js": {
      "version": "4.0.0",
      "resolved": "https://registry.npmjs.org/crypto-js/-/crypto-js-4.0.0.tgz",
      "integrity": "sha512-bzHZN8Pn+gS7DQA6n+iUmBfl0hO5DJq++QP3U6uTucDtk/0iGpXd/Gg7CGR0p8tJhofJyaKoWBuJI4eAO00BBg=="
    },
    "csbiginteger": {
      "version": "file:../../libs/csbiginteger-js",
      "dev": true,
      "requires": {
        "bn.js": "^4.11.9"
      },
      "dependencies": {
        "@purtuga/esm-webpack-plugin": {
          "version": "1.2.1",
          "resolved": "https://registry.npmjs.org/@purtuga/esm-webpack-plugin/-/esm-webpack-plugin-1.2.1.tgz",
          "integrity": "sha512-q17/jiGfDiJlgsiQ79tOQE2z4p8E1i0d4Ftvi9GqYB9mZCyWvWEY/EnXZxVbImBgFS6NgnhaEXGYJ19FtVpo8A==",
          "requires": {
            "webpack-sources": "^1.0.0"
          }
        },
        "bn.js": {
          "version": "4.11.9",
          "resolved": "https://registry.npmjs.org/bn.js/-/bn.js-4.11.9.tgz",
          "integrity": "sha512-E6QoYqCKZfgatHTdHzs1RRKP7ip4vvm+EyRUeE2RF0NblwVvb0p6jSVeNTOFxPn26QXN2o6SMfNxKp6kU8zQaw==",
          "dev": true
        },
        "source-list-map": {
          "version": "2.0.1",
          "resolved": "https://registry.npmjs.org/source-list-map/-/source-list-map-2.0.1.tgz",
          "integrity": "sha512-qnQ7gVMxGNxsiL4lEuJwe/To8UnK7fAnmbGEEH8RpLouuKbeEm0lhbQVFIrNSuB+G7tVrAlVsZgETT5nljf+Iw=="
        },
        "source-map": {
          "version": "0.6.1",
          "resolved": "https://registry.npmjs.org/source-map/-/source-map-0.6.1.tgz",
          "integrity": "sha512-UjgapumWlbMhkBgzT7Ykc5YXUT46F0iKu8SGXq0bcwP5dz/h0Plj6enJqjz1Zbq2l5WaqYnrVbwWOWMyF3F47g=="
        },
        "webpack-sources": {
          "version": "1.4.3",
          "resolved": "https://registry.npmjs.org/webpack-sources/-/webpack-sources-1.4.3.tgz",
          "integrity": "sha512-lgTS3Xhv1lCOKo7SA5TjKXMjpSM4sBjNV5+q2bqesbSPs5FjGmU6jjtBSkX9b4qW87vDIsCIlUPOEhbZrMdjeQ==",
          "requires": {
            "source-list-map": "^2.0.0",
            "source-map": "~0.6.1"
          }
        }
      }
    }
  }
}
